
Microsoft Visual Studio Solution File, Format Version 12.00
# Visual Studio Version 16
VisualStudioVersion = 16.0.30709.132
MinimumVisualStudioVersion = 10.0.40219.1
Project("{9A19103F-16F7-4668-BE54-9A1E7A4F7556}") = "Basic", "Basic\Basic.csproj", "{1E52B626-D57C-4A1B-A632-DF387F779583}"
EndProject
Project("{9A19103F-16F7-4668-BE54-9A1E7A4F7556}") = "IdentityExample", "IdentityExample\IdentityExample.csproj", "{D0E89E69-AD9A-45C1-B346-CE3C7C6B18FA}"
EndProject
Project("{2150E333-8FDC-42A3-9474-1A3956D46DE8}") = "Starter", "Starter", "{F084DB2E-38A3-41BB-989D-83B4D484C8FC}"
EndProject
Project("{2150E333-8FDC-42A3-9474-1A3956D46DE8}") = "oauth", "oauth", "{E4D033A0-EA67-4953-98EB-1F5CD8E5654C}"
EndProject
Project("{9A19103F-16F7-4668-BE54-9A1E7A4F7556}") = "OAuth-Server", "OAuth-Server\OAuth-Server.csproj", "{F34E68D0-A00A-4F37-8E36-7404A3469574}"
EndProject
Project("{9A19103F-16F7-4668-BE54-9A1E7A4F7556}") = "OAuth-Client", "OAuth-Client\OAuth-Client.csproj", "{1B557D13-C20D-4441-A88F-ECE2BD4C4C5A}"
EndProject
Project("{2150E333-8FDC-42A3-9474-1A3956D46DE8}") = "IdentityServer4", "IdentityServer4", "{B64182BC-E443-4462-BB80-31E9AEABC7FD}"
EndProject
Project("{9A19103F-16F7-4668-BE54-9A1E7A4F7556}") = "IdentityServer", "IdentityServer\IdentityServer.csproj", "{EB31D4A0-E293-4D9C-BCF3-0C880412432A}"
EndProject
Project("{9A19103F-16F7-4668-BE54-9A1E7A4F7556}") = "ApiOne", "ApiOne\ApiOne.csproj", "{6609018B-97D0-432D-A2EB-1A09DFA99EC5}"
EndProject
Project("{FAE04EC0-301F-11D3-BF4B-00C04F79EFBC}") = "ApiTwo", "ApiTwo\ApiTwo.csproj", "{0B1800A9-B588-414D-8CC5-0B1FC4EAA68C}"
EndProject
Global
	GlobalSection(SolutionConfigurationPlatforms) = preSolution
		Debug|Any CPU = Debug|Any CPU
		Release|Any CPU = Release|Any CPU
	EndGlobalSection
	GlobalSection(ProjectConfigurationPlatforms) = postSolution
		{1E52B626-D57C-4A1B-A632-DF387F779583}.Debug|Any CPU.ActiveCfg = Debug|Any CPU
		{1E52B626-D57C-4A1B-A632-DF387F779583}.Debug|Any CPU.Build.0 = Debug|Any CPU
		{1E52B626-D57C-4A1B-A632-DF387F779583}.Release|Any CPU.ActiveCfg = Release|Any CPU
		{1E52B626-D57C-4A1B-A632-DF387F779583}.Release|Any CPU.Build.0 = Release|Any CPU
		{D0E89E69-AD9A-45C1-B346-CE3C7C6B18FA}.Debug|Any CPU.ActiveCfg = Debug|Any CPU
		{D0E89E69-AD9A-45C1-B346-CE3C7C6B18FA}.Debug|Any CPU.Build.0 = Debug|Any CPU
		{D0E89E69-AD9A-45C1-B346-CE3C7C6B18FA}.Release|Any CPU.ActiveCfg = Release|Any CPU
		{D0E89E69-AD9A-45C1-B346-CE3C7C6B18FA}.Release|Any CPU.Build.0 = Release|Any CPU
		{F34E68D0-A00A-4F37-8E36-7404A3469574}.Debug|Any CPU.ActiveCfg = Debug|Any CPU
		{F34E68D0-A00A-4F37-8E36-7404A3469574}.Debug|Any CPU.Build.0 = Debug|Any CPU
		{F34E68D0-A00A-4F37-8E36-7404A3469574}.Release|Any CPU.ActiveCfg = Release|Any CPU
		{F34E68D0-A00A-4F37-8E36-7404A3469574}.Release|Any CPU.Build.0 = Release|Any CPU
		{1B557D13-C20D-4441-A88F-ECE2BD4C4C5A}.Debug|Any CPU.ActiveCfg = Debug|Any CPU
		{1B557D13-C20D-4441-A88F-ECE2BD4C4C5A}.Debug|Any CPU.Build.0 = Debug|Any CPU
		{1B557D13-C20D-4441-A88F-ECE2BD4C4C5A}.Release|Any CPU.ActiveCfg = Release|Any CPU
		{1B557D13-C20D-4441-A88F-ECE2BD4C4C5A}.Release|Any CPU.Build.0 = Release|Any CPU
		{EB31D4A0-E293-4D9C-BCF3-0C880412432A}.Debug|Any CPU.ActiveCfg = Debug|Any CPU
		{EB31D4A0-E293-4D9C-BCF3-0C880412432A}.Debug|Any CPU.Build.0 = Debug|Any CPU
		{EB31D4A0-E293-4D9C-BCF3-0C880412432A}.Release|Any CPU.ActiveCfg = Release|Any CPU
		{EB31D4A0-E293-4D9C-BCF3-0C880412432A}.Release|Any CPU.Build.0 = Release|Any CPU
		{6609018B-97D0-432D-A2EB-1A09DFA99EC5}.Debug|Any CPU.ActiveCfg = Debug|Any CPU
		{6609018B-97D0-432D-A2EB-1A09DFA99EC5}.Debug|Any CPU.Build.0 = Debug|Any CPU
		{6609018B-97D0-432D-A2EB-1A09DFA99EC5}.Release|Any CPU.ActiveCfg = Release|Any CPU
		{6609018B-97D0-432D-A2EB-1A09DFA99EC5}.Release|Any CPU.Build.0 = Release|Any CPU
		{0B1800A9-B588-414D-8CC5-0B1FC4EAA68C}.Debug|Any CPU.ActiveCfg = Debug|Any CPU
		{0B1800A9-B588-414D-8CC5-0B1FC4EAA68C}.Debug|Any CPU.Build.0 = Debug|Any CPU
		{0B1800A9-B588-414D-8CC5-0B1FC4EAA68C}.Release|Any CPU.ActiveCfg = Release|Any CPU
		{0B1800A9-B588-414D-8CC5-0B1FC4EAA68C}.Release|Any CPU.Build.0 = Release|Any CPU
	EndGlobalSection
	GlobalSection(SolutionProperties) = preSolution
		HideSolutionNode = FALSE
	EndGlobalSection
	GlobalSection(NestedProjects) = preSolution
		{1E52B626-D57C-4A1B-A632-DF387F779583} = {F084DB2E-38A3-41BB-989D-83B4D484C8FC}
		{D0E89E69-AD9A-45C1-B346-CE3C7C6B18FA} = {F084DB2E-38A3-41BB-989D-83B4D484C8FC}
		{F34E68D0-A00A-4F37-8E36-7404A3469574} = {E4D033A0-EA67-4953-98EB-1F5CD8E5654C}
		{1B557D13-C20D-4441-A88F-ECE2BD4C4C5A} = {E4D033A0-EA67-4953-98EB-1F5CD8E5654C}
		{EB31D4A0-E293-4D9C-BCF3-0C880412432A} = {B64182BC-E443-4462-BB80-31E9AEABC7FD}
		{6609018B-97D0-432D-A2EB-1A09DFA99EC5} = {B64182BC-E443-4462-BB80-31E9AEABC7FD}
		{0B1800A9-B588-414D-8CC5-0B1FC4EAA68C} = {B64182BC-E443-4462-BB80-31E9AEABC7FD}
	EndGlobalSection
	GlobalSection(ExtensibilityGlobals) = postSolution
		SolutionGuid = {07BE8A13-C0AE-4FDB-9036-A21A834A63C9}
	EndGlobalSection
EndGlobal
